// !$*UTF8*$!
{
	archiveVersion = 1;
	classes = {
	};
	objectVersion = 50;
	objects = {

/* Begin PBXBuildFile section */
		783EA90624AA2AB900ABE93B /* AppDelegate.swift in Sources */ = {isa = PBXBuildFile; fileRef = 783EA90524AA2AB900ABE93B /* AppDelegate.swift */; };
		783EA90824AA2AB900ABE93B /* SceneDelegate.swift in Sources */ = {isa = PBXBuildFile; fileRef = 783EA90724AA2AB900ABE93B /* SceneDelegate.swift */; };
		783EA90A24AA2AB900ABE93B /* ContentView.swift in Sources */ = {isa = PBXBuildFile; fileRef = 783EA90924AA2AB900ABE93B /* ContentView.swift */; };
		783EA90C24AA2ABA00ABE93B /* Assets.xcassets in Resources */ = {isa = PBXBuildFile; fileRef = 783EA90B24AA2ABA00ABE93B /* Assets.xcassets */; };
		783EA90F24AA2ABA00ABE93B /* Preview Assets.xcassets in Resources */ = {isa = PBXBuildFile; fileRef = 783EA90E24AA2ABA00ABE93B /* Preview Assets.xcassets */; };
		783EA91224AA2ABA00ABE93B /* LaunchScreen.storyboard in Resources */ = {isa = PBXBuildFile; fileRef = 783EA91024AA2ABA00ABE93B /* LaunchScreen.storyboard */; };
		783EA91C24AA2E1C00ABE93B /* PostData.swift in Sources */ = {isa = PBXBuildFile; fileRef = 783EA91B24AA2E1C00ABE93B /* PostData.swift */; };
		783EA91F24AA30B100ABE93B /* NetworkManager.swift in Sources */ = {isa = PBXBuildFile; fileRef = 783EA91E24AA30B100ABE93B /* NetworkManager.swift */; };
/* End PBXBuildFile section */

/* Begin PBXFileReference section */
		783EA90224AA2AB900ABE93B /* HackerNews.app */ = {isa = PBXFileReference; explicitFileType = wrapper.application; includeInIndex = 0; path = HackerNews.app; sourceTree = BUILT_PRODUCTS_DIR; };
		783EA90524AA2AB900ABE93B /* AppDelegate.swift */ = {isa = PBXFileReference; lastKnownFileType = sourcecode.swift; path = AppDelegate.swift; sourceTree = "<group>"; };
		783EA90724AA2AB900ABE93B /* SceneDelegate.swift */ = {isa = PBXFileReference; lastKnownFileType = sourcecode.swift; path = SceneDelegate.swift; sourceTree = "<group>"; };
		783EA90924AA2AB900ABE93B /* ContentView.swift */ = {isa = PBXFileReference; lastKnownFileType = sourcecode.swift; path = ContentView.swift; sourceTree = "<group>"; };
		783EA90B24AA2ABA00ABE93B /* Assets.xcassets */ = {isa = PBXFileReference; lastKnownFileType = folder.assetcatalog; path = Assets.xcassets; sourceTree = "<group>"; };
		783EA90E24AA2ABA00ABE93B /* Preview Assets.xcassets */ = {isa = PBXFileReference; lastKnownFileType = folder.assetcatalog; path = "Preview Assets.xcassets"; sourceTree = "<group>"; };
		783EA91124AA2ABA00ABE93B /* Base */ = {isa = PBXFileReference; lastKnownFileType = file.storyboard; name = Base; path = Base.lproj/LaunchScreen.storyboard; sourceTree = "<group>"; };
		783EA91324AA2ABA00ABE93B /* Info.plist */ = {isa = PBXFileReference; lastKnownFileType = text.plist.xml; path = Info.plist; sourceTree = "<group>"; };
		783EA91B24AA2E1C00ABE93B /* PostData.swift */ = {isa = PBXFileReference; lastKnownFileType = sourcecode.swift; path = PostData.swift; sourceTree = "<group>"; };
		783EA91E24AA30B100ABE93B /* NetworkManager.swift */ = {isa = PBXFileReference; lastKnownFileType = sourcecode.swift; path = NetworkManager.swift; sourceTree = "<group>"; };
/* End PBXFileReference section */

/* Begin PBXFrameworksBuildPhase section */
		783EA8FF24AA2AB900ABE93B /* Frameworks */ = {
			isa = PBXFrameworksBuildPhase;
			buildActionMask = 2147483647;
			files = (
			);
			runOnlyForDeploymentPostprocessing = 0;
		};
/* End PBXFrameworksBuildPhase section */

/* Begin PBXGroup section */
		783EA8F924AA2AB900ABE93B = {
			isa = PBXGroup;
			children = (
				783EA90424AA2AB900ABE93B /* HackerNews */,
				783EA90324AA2AB900ABE93B /* Products */,
			);
			sourceTree = "<group>";
		};
		783EA90324AA2AB900ABE93B /* Products */ = {
			isa = PBXGroup;
			children = (
				783EA90224AA2AB900ABE93B /* HackerNews.app */,
			);
			name = Products;
			sourceTree = "<group>";
		};
		783EA90424AA2AB900ABE93B /* HackerNews */ = {
			isa = PBXGroup;
			children = (
				783EA91D24AA30A100ABE93B /* Modules */,
				783EA90524AA2AB900ABE93B /* AppDelegate.swift */,
				783EA90724AA2AB900ABE93B /* SceneDelegate.swift */,
				78D9238C24AA433E007F6B05 /* Views */,
				783EA90B24AA2ABA00ABE93B /* Assets.xcassets */,
				783EA91024AA2ABA00ABE93B /* LaunchScreen.storyboard */,
				783EA91324AA2ABA00ABE93B /* Info.plist */,
				783EA90D24AA2ABA00ABE93B /* Preview Content */,
			);
			path = HackerNews;
			sourceTree = "<group>";
		};
		783EA90D24AA2ABA00ABE93B /* Preview Content */ = {
			isa = PBXGroup;
			children = (
				783EA90E24AA2ABA00ABE93B /* Preview Assets.xcassets */,
			);
			path = "Preview Content";
			sourceTree = "<group>";
		};
		783EA91D24AA30A100ABE93B /* Modules */ = {
			isa = PBXGroup;
			children = (
				783EA91E24AA30B100ABE93B /* NetworkManager.swift */,
				783EA91B24AA2E1C00ABE93B /* PostData.swift */,
			);
			path = Modules;
			sourceTree = "<group>";
		};
		78D9238C24AA433E007F6B05 /* Views */ = {
			isa = PBXGroup;
			children = (
				783EA90924AA2AB900ABE93B /* ContentView.swift */,
			);
			path = Views;
			sourceTree = "<group>";
		};
/* End PBXGroup section */

/* Begin PBXNativeTarget section */
		783EA90124AA2AB900ABE93B /* HackerNews */ = {
			isa = PBXNativeTarget;
			buildConfigurationList = 783EA91624AA2ABA00ABE93B /* Build configuration list for PBXNativeTarget "HackerNews" */;
			buildPhases = (
				783EA8FE24AA2AB900ABE93B /* Sources */,
				783EA8FF24AA2AB900ABE93B /* Frameworks */,
				783EA90024AA2AB900ABE93B /* Resources */,
			);
			buildRules = (
			);
			dependencies = (
			);
			name = HackerNews;
			productName = HackerNews;
			productReference = 783EA90224AA2AB900ABE93B /* HackerNews.app */;
			productType = "com.apple.product-type.application";
		};
/* End PBXNativeTarget section */

/* Begin PBXProject section */
		783EA8FA24AA2AB900ABE93B /* Project object */ = {
			isa = PBXProject;
			attributes = {
				LastSwiftUpdateCheck = 1150;
				LastUpgradeCheck = 1150;
				ORGANIZATIONNAME = GsomGsom;
				TargetAttributes = {
					783EA90124AA2AB900ABE93B = {
						CreatedOnToolsVersion = 11.5;
					};
				};
			};
			buildConfigurationList = 783EA8FD24AA2AB900ABE93B /* Build configuration list for PBXProject "HackerNews" */;
			compatibilityVersion = "Xcode 9.3";
			developmentRegion = en;
			hasScannedForEncodings = 0;
			knownRegions = (
				en,
				Base,
			);
			mainGroup = 783EA8F924AA2AB900ABE93B;
			productRefGroup = 783EA90324AA2AB900ABE93B /* Products */;
			projectDirPath = "";
			projectRoot = "";
			targets = (
				783EA90124AA2AB900ABE93B /* HackerNews */,
			);
		};
/* End PBXProject section */

/* Begin PBXResourcesBuildPhase section */
		783EA90024AA2AB900ABE93B /* Resources */ = {
			isa = PBXResourcesBuildPhase;
			buildActionMask = 2147483647;
			files = (
				783EA91224AA2ABA00ABE93B /* LaunchScreen.storyboard in Resources */,
				783EA90F24AA2ABA00ABE93B /* Preview Assets.xcassets in Resources */,
				783EA90C24AA2ABA00ABE93B /* Assets.xcassets in Resources */,
			);
			runOnlyForDeploymentPostprocessing = 0;
		};
/* End PBXResourcesBuildPhase section */

/* Begin PBXSourcesBuildPhase section */
		783EA8FE24AA2AB900ABE93B /* Sources */ = {
			isa = PBXSourcesBuildPhase;
			buildActionMask = 2147483647;
			files = (
				783EA90624AA2AB900ABE93B /* AppDelegate.swift in Sources */,
				783EA91C24AA2E1C00ABE93B /* PostData.swift in Sources */,
				783EA91F24AA30B100ABE93B /* NetworkManager.swift in Sources */,
				783EA90824AA2AB900ABE93B /* SceneDelegate.swift in Sources */,
				783EA90A24AA2AB900ABE93B /* ContentView.swift in Sources */,
			);
			runOnlyForDeploymentPostprocessing = 0;
		};
/* End PBXSourcesBuildPhase section */

/* Begin PBXVariantGroup section */
		783EA91024AA2ABA00ABE93B /* LaunchScreen.storyboard */ = {
			isa = PBXVariantGroup;
			children = (
				783EA91124AA2ABA00ABE93B /* Base */,
			);
			name = LaunchScreen.storyboard;
			sourceTree = "<group>";
		};
/* End PBXVariantGroup section */

/* Begin XCBuildConfiguration section */
		783EA91424AA2ABA00ABE93B /* Debug */ = {
			isa = XCBuildConfiguration;
			buildSettings = {
				ALWAYS_SEARCH_USER_PATHS = NO;
				CLANG_ANALYZER_NONNULL = YES;
				CLANG_ANALYZER_NUMBER_OBJECT_CONVERSION = YES_AGGRESSIVE;
				CLANG_CXX_LANGUAGE_STANDARD = "gnu++14";
				CLANG_CXX_LIBRARY = "libc++";
				CLANG_ENABLE_MODULES = YES;
				CLANG_ENABLE_OBJC_ARC = YES;
				CLANG_ENABLE_OBJC_WEAK = YES;
				CLANG_WARN_BLOCK_CAPTURE_AUTORELEASING = YES;
				CLANG_WARN_BOOL_CONVERSION = YES;
				CLANG_WARN_COMMA = YES;
				CLANG_WARN_CONSTANT_CONVERSION = YES;
				CLANG_WARN_DEPRECATED_OBJC_IMPLEMENTATIONS = YES;
				CLANG_WARN_DIRECT_OBJC_ISA_USAGE = YES_ERROR;
				CLANG_WARN_DOCUMENTATION_COMMENTS = YES;
				CLANG_WARN_EMPTY_BODY = YES;
				CLANG_WARN_ENUM_CONVERSION = YES;
				CLANG_WARN_INFINITE_RECURSION = YES;
				CLANG_WARN_INT_CONVERSION = YES;
				CLANG_WARN_NON_LITERAL_NULL_CONVERSION = YES;
				CLANG_WARN_OBJC_IMPLICIT_RETAIN_SELF = YES;
				CLANG_WARN_OBJC_LITERAL_CONVERSION = YES;
				CLANG_WARN_OBJC_ROOT_CLASS = YES_ERROR;
				CLANG_WARN_RANGE_LOOP_ANALYSIS = YES;
				CLANG_WARN_STRICT_PROTOTYPES = YES;
				CLANG_WARN_SUSPICIOUS_MOVE = YES;
				CLANG_WARN_UNGUARDED_AVAILABILITY = YES_AGGRESSIVE;
				CLANG_WARN_UNREACHABLE_CODE = YES;
				CLANG_WARN__DUPLICATE_METHOD_MATCH = YES;
				COPY_PHASE_STRIP = NO;
				DEBUG_INFORMATION_FORMAT = dwarf;
				ENABLE_STRICT_OBJC_MSGSEND = YES;
				ENABLE_TESTABILITY = YES;
				GCC_C_LANGUAGE_STANDARD = gnu11;
				GCC_DYNAMIC_NO_PIC = NO;
				GCC_NO_COMMON_BLOCKS = YES;
				GCC_OPTIMIZATION_LEVEL = 0;
				GCC_PREPROCESSOR_DEFINITIONS = (
					"DEBUG=1",
					"$(inherited)",
				);
				GCC_WARN_64_TO_32_BIT_CONVERSION = YES;
				GCC_WARN_ABOUT_RETURN_TYPE = YES_ERROR;
				GCC_WARN_UNDECLARED_SELECTOR = YES;
				GCC_WARN_UNINITIALIZED_AUTOS = YES_AGGRESSIVE;
				GCC_WARN_UNUSED_FUNCTION = YES;
				GCC_WARN_UNUSED_VARIABLE = YES;
				IPHONEOS_DEPLOYMENT_TARGET = 13.5;
				MTL_ENABLE_DEBUG_INFO = INCLUDE_SOURCE;
				MTL_FAST_MATH = YES;
				ONLY_ACTIVE_ARCH = YES;
				SDKROOT = iphoneos;
				SWIFT_ACTIVE_COMPILATION_CONDITIONS = DEBUG;
				SWIFT_OPTIMIZATION_LEVEL = "-Onone";
			};
			name = Debug;
		};
		783EA91524AA2ABA00ABE93B /* Release */ = {
			isa = XCBuildConfiguration;
			buildSettings = {
				ALWAYS_SEARCH_USER_PATHS = NO;
				CLANG_ANALYZER_NONNULL = YES;
				CLANG_ANALYZER_NUMBER_OBJECT_CONVERSION = YES_AGGRESSIVE;
				CLANG_CXX_LANGUAGE_STANDARD = "gnu++14";
				CLANG_CXX_LIBRARY = "libc++";
				CLANG_ENABLE_MODULES = YES;
				CLANG_ENABLE_OBJC_ARC = YES;
				CLANG_ENABLE_OBJC_WEAK = YES;
				CLANG_WARN_BLOCK_CAPTURE_AUTORELEASING = YES;
				CLANG_WARN_BOOL_CONVERSION = YES;
				CLANG_WARN_COMMA = YES;
				CLANG_WARN_CONSTANT_CONVERSION = YES;
				CLANG_WARN_DEPRECATED_OBJC_IMPLEMENTATIONS = YES;
				CLANG_WARN_DIRECT_OBJC_ISA_USAGE = YES_ERROR;
				CLANG_WARN_DOCUMENTATION_COMMENTS = YES;
				CLANG_WARN_EMPTY_BODY = YES;
				CLANG_WARN_ENUM_CONVERSION = YES;
				CLANG_WARN_INFINITE_RECURSION = YES;
				CLANG_WARN_INT_CONVERSION = YES;
				CLANG_WARN_NON_LITERAL_NULL_CONVERSION = YES;
				CLANG_WARN_OBJC_IMPLICIT_RETAIN_SELF = YES;
				CLANG_WARN_OBJC_LITERAL_CONVERSION = YES;
				CLANG_WARN_OBJC_ROOT_CLASS = YES_ERROR;
				CLANG_WARN_RANGE_LOOP_ANALYSIS = YES;
				CLANG_WARN_STRICT_PROTOTYPES = YES;
				CLANG_WARN_SUSPICIOUS_MOVE = YES;
				CLANG_WARN_UNGUARDED_AVAILABILITY = YES_AGGRESSIVE;
				CLANG_WARN_UNREACHABLE_CODE = YES;
				CLANG_WARN__DUPLICATE_METHOD_MATCH = YES;
				COPY_PHASE_STRIP = NO;
				DEBUG_INFORMATION_FORMAT = "dwarf-with-dsym";
				ENABLE_NS_ASSERTIONS = NO;
				ENABLE_STRICT_OBJC_MSGSEND = YES;
				GCC_C_LANGUAGE_STANDARD = gnu11;
				GCC_NO_COMMON_BLOCKS = YES;
				GCC_WARN_64_TO_32_BIT_CONVERSION = YES;
				GCC_WARN_ABOUT_RETURN_TYPE = YES_ERROR;
				GCC_WARN_UNDECLARED_SELECTOR = YES;
				GCC_WARN_UNINITIALIZED_AUTOS = YES_AGGRESSIVE;
				GCC_WARN_UNUSED_FUNCTION = YES;
				GCC_WARN_UNUSED_VARIABLE = YES;
				IPHONEOS_DEPLOYMENT_TARGET = 13.5;
				MTL_ENABLE_DEBUG_INFO = NO;
				MTL_FAST_MATH = YES;
				SDKROOT = iphoneos;
				SWIFT_COMPILATION_MODE = wholemodule;
				SWIFT_OPTIMIZATION_LEVEL = "-O";
				VALIDATE_PRODUCT = YES;
			};
			name = Release;
		};
		783EA91724AA2ABA00ABE93B /* Debug */ = {
			isa = XCBuildConfiguration;
			buildSettings = {
				ASSETCATALOG_COMPILER_APPICON_NAME = AppIcon;
				CODE_SIGN_STYLE = Automatic;
				DEVELOPMENT_ASSET_PATHS = "\"HackerNews/Preview Content\"";
				DEVELOPMENT_TEAM = 4QFUVN54WV;
				ENABLE_PREVIEWS = YES;
				INFOPLIST_FILE = HackerNews/Info.plist;
				LD_RUNPATH_SEARCH_PATHS = (
					"$(inherited)",
					"@executable_path/Frameworks",
				);
				PRODUCT_BUNDLE_IDENTIFIER = com.gsomgsom.HackerNews;
				PRODUCT_NAME = "$(TARGET_NAME)";
				SWIFT_VERSION = 5.0;
				TARGETED_DEVICE_FAMILY = "1,2";
			};
			name = Debug;
		};
		783EA91824AA2ABA00ABE93B /* Release */ = {
			isa = XCBuildConfiguration;
			buildSettings = {
				ASSETCATALOG_COMPILER_APPICON_NAME = AppIcon;
				CODE_SIGN_STYLE = Automatic;
				DEVELOPMENT_ASSET_PATHS = "\"HackerNews/Preview Content\"";
				DEVELOPMENT_TEAM = 4QFUVN54WV;
				ENABLE_PREVIEWS = YES;
				INFOPLIST_FILE = HackerNews/Info.plist;
				LD_RUNPATH_SEARCH_PATHS = (
					"$(inherited)",
					"@executable_path/Frameworks",
				);
				PRODUCT_BUNDLE_IDENTIFIER = com.gsomgsom.HackerNews;
				PRODUCT_NAME = "$(TARGET_NAME)";
				SWIFT_VERSION = 5.0;
				TARGETED_DEVICE_FAMILY = "1,2";
			};
			name = Release;
		};
/* End XCBuildConfiguration section */

/* Begin XCConfigurationList section */
		783EA8FD24AA2AB900ABE93B /* Build configuration list for PBXProject "HackerNews" */ = {
			isa = XCConfigurationList;
			buildConfigurations = (
				783EA91424AA2ABA00ABE93B /* Debug */,
				783EA91524AA2ABA00ABE93B /* Release */,
			);
			defaultConfigurationIsVisible = 0;
			defaultConfigurationName = Release;
		};
		783EA91624AA2ABA00ABE93B /* Build configuration list for PBXNativeTarget "HackerNews" */ = {
			isa = XCConfigurationList;
			buildConfigurations = (
				783EA91724AA2ABA00ABE93B /* Debug */,
				783EA91824AA2ABA00ABE93B /* Release */,
			);
			defaultConfigurationIsVisible = 0;
			defaultConfigurationName = Release;
		};
/* End XCConfigurationList section */
	};
	rootObject = 783EA8FA24AA2AB900ABE93B /* Project object */;
}
